
Microsoft Visual Studio Solution File, Format Version 12.00
# Visual Studio Version 17
VisualStudioVersion = 17.0.32014.148
MinimumVisualStudioVersion = 10.0.40219.1
Project("{FAE04EC0-301F-11D3-BF4B-00C04F79EFBC}") = "ReizTech assignment 2", "ReizTech assignment 2.csproj", "{90D9786B-DCFC-449A-B51C-F14536A8D838}"
EndProject
Global
	GlobalSection(SolutionConfigurationPlatforms) = preSolution
		Debug|Any CPU = Debug|Any CPU
		Release|Any CPU = Release|Any CPU
	EndGlobalSection
	GlobalSection(ProjectConfigurationPlatforms) = postSolution
		{90D9786B-DCFC-449A-B51C-F14536A8D838}.Debug|Any CPU.ActiveCfg = Debug|Any CPU
		{90D9786B-DCFC-449A-B51C-F14536A8D838}.Debug|Any CPU.Build.0 = Debug|Any CPU
		{90D9786B-DCFC-449A-B51C-F14536A8D838}.Release|Any CPU.ActiveCfg = Release|Any CPU
		{90D9786B-DCFC-449A-B51C-F14536A8D838}.Release|Any CPU.Build.0 = Release|Any CPU
	EndGlobalSection
	GlobalSection(SolutionProperties) = preSolution
		HideSolutionNode = FALSE
	EndGlobalSection
	GlobalSection(ExtensibilityGlobals) = postSolution
		SolutionGuid = {BA074BDE-7A65-46C8-BE5D-AB3506E11D56}
	EndGlobalSection
EndGlobal
